
Microsoft Visual Studio Solution File, Format Version 12.00
# Visual Studio Version 17
VisualStudioVersion = 17.0.31903.59
MinimumVisualStudioVersion = 10.0.40219.1
Project("{8BC9CEB8-8B4A-11D0-8D11-00A0C91BC942}") = "AudioTest", "AudioTest\AudioTest.vcxproj", "{1406112E-0A7E-44EA-8682-68C9C51C8B79}"
EndProject
Project("{8BC9CEB8-8B4A-11D0-8D11-00A0C91BC942}") = "LivedataAudio", "LivedataAudio\LivedataAudio.vcxproj", "{681DC348-C384-4A48-9D50-D096456EF617}"
	ProjectSection(ProjectDependencies) = postProject
		{4D97BE63-EE9B-453D-BE01-52690C3A37F0} = {4D97BE63-EE9B-453D-BE01-52690C3A37F0}
	EndProjectSection
EndProject
Project("{8BC9CEB8-8B4A-11D0-8D11-00A0C91BC942}") = "DX12RenderTest", "DX12RenderTest\DX12RenderTest.vcxproj", "{B292022D-B878-44D6-B37E-CDBD38AE0C11}"
EndProject
Project("{8BC9CEB8-8B4A-11D0-8D11-00A0C91BC942}") = "DX12Decoder", "DX12Decoder\DX12Decoder.vcxproj", "{12A709E9-81B0-49FD-85AC-D080EBB79C96}"
EndProject
Project("{8BC9CEB8-8B4A-11D0-8D11-00A0C91BC942}") = "TestProject", "TestProject\TestProject.vcxproj", "{4D35F4ED-E7EE-4787-9394-2936174A7B77}"
	ProjectSection(ProjectDependencies) = postProject
		{112ABB4B-5687-4DB9-A454-8D5F4858D809} = {112ABB4B-5687-4DB9-A454-8D5F4858D809}
	EndProjectSection
EndProject
Project("{8BC9CEB8-8B4A-11D0-8D11-00A0C91BC942}") = "DX12Renderer", "DX12Renderer\DX12Renderer.vcxproj", "{4DB2D3FB-65CC-44EE-BEF7-39C5EFA9759B}"
EndProject
Project("{8BC9CEB8-8B4A-11D0-8D11-00A0C91BC942}") = "LivedataAudioStatic", "LiveDataAudioStatic\LiveDataAudioStatic.vcxproj", "{4D97BE63-EE9B-453D-BE01-52690C3A37F0}"
EndProject
Project("{8BC9CEB8-8B4A-11D0-8D11-00A0C91BC942}") = "ScreenCapture", "ScreenCapture\ScreenCapture.vcxproj", "{112ABB4B-5687-4DB9-A454-8D5F4858D809}"
EndProject
Project("{8BC9CEB8-8B4A-11D0-8D11-00A0C91BC942}") = "RTCSDK", "RTCSDK\RTCSDK.vcxproj", "{55EE6937-4DBC-4170-A508-A63BDC319045}"
	ProjectSection(ProjectDependencies) = postProject
		{4D97BE63-EE9B-453D-BE01-52690C3A37F0} = {4D97BE63-EE9B-453D-BE01-52690C3A37F0}
		{4DB2D3FB-65CC-44EE-BEF7-39C5EFA9759B} = {4DB2D3FB-65CC-44EE-BEF7-39C5EFA9759B}
	EndProjectSection
EndProject
Project("{8BC9CEB8-8B4A-11D0-8D11-00A0C91BC942}") = "RTCCLISDK", "RTCCLISDK\RTCCLISDK.vcxproj", "{1FE1856C-3E59-42FA-B18C-66701CD30D79}"
EndProject
Global
	GlobalSection(SolutionConfigurationPlatforms) = preSolution
		Debug|x64 = Debug|x64
		Debug|x86 = Debug|x86
		Release|x64 = Release|x64
		Release|x86 = Release|x86
	EndGlobalSection
	GlobalSection(ProjectConfigurationPlatforms) = postSolution
		{1406112E-0A7E-44EA-8682-68C9C51C8B79}.Debug|x64.ActiveCfg = Debug|x64
		{1406112E-0A7E-44EA-8682-68C9C51C8B79}.Debug|x64.Build.0 = Debug|x64
		{1406112E-0A7E-44EA-8682-68C9C51C8B79}.Debug|x86.ActiveCfg = Debug|Win32
		{1406112E-0A7E-44EA-8682-68C9C51C8B79}.Debug|x86.Build.0 = Debug|Win32
		{1406112E-0A7E-44EA-8682-68C9C51C8B79}.Release|x64.ActiveCfg = Release|x64
		{1406112E-0A7E-44EA-8682-68C9C51C8B79}.Release|x64.Build.0 = Release|x64
		{1406112E-0A7E-44EA-8682-68C9C51C8B79}.Release|x86.ActiveCfg = Release|Win32
		{1406112E-0A7E-44EA-8682-68C9C51C8B79}.Release|x86.Build.0 = Release|Win32
		{681DC348-C384-4A48-9D50-D096456EF617}.Debug|x64.ActiveCfg = Debug|x64
		{681DC348-C384-4A48-9D50-D096456EF617}.Debug|x64.Build.0 = Debug|x64
		{681DC348-C384-4A48-9D50-D096456EF617}.Debug|x86.ActiveCfg = Debug|Win32
		{681DC348-C384-4A48-9D50-D096456EF617}.Debug|x86.Build.0 = Debug|Win32
		{681DC348-C384-4A48-9D50-D096456EF617}.Release|x64.ActiveCfg = Release|x64
		{681DC348-C384-4A48-9D50-D096456EF617}.Release|x64.Build.0 = Release|x64
		{681DC348-C384-4A48-9D50-D096456EF617}.Release|x86.ActiveCfg = Release|Win32
		{681DC348-C384-4A48-9D50-D096456EF617}.Release|x86.Build.0 = Release|Win32
		{B292022D-B878-44D6-B37E-CDBD38AE0C11}.Debug|x64.ActiveCfg = Debug|x64
		{B292022D-B878-44D6-B37E-CDBD38AE0C11}.Debug|x64.Build.0 = Debug|x64
		{B292022D-B878-44D6-B37E-CDBD38AE0C11}.Debug|x86.ActiveCfg = Debug|Win32
		{B292022D-B878-44D6-B37E-CDBD38AE0C11}.Debug|x86.Build.0 = Debug|Win32
		{B292022D-B878-44D6-B37E-CDBD38AE0C11}.Release|x64.ActiveCfg = Release|x64
		{B292022D-B878-44D6-B37E-CDBD38AE0C11}.Release|x64.Build.0 = Release|x64
		{B292022D-B878-44D6-B37E-CDBD38AE0C11}.Release|x86.ActiveCfg = Release|Win32
		{B292022D-B878-44D6-B37E-CDBD38AE0C11}.Release|x86.Build.0 = Release|Win32
		{12A709E9-81B0-49FD-85AC-D080EBB79C96}.Debug|x64.ActiveCfg = Debug|x64
		{12A709E9-81B0-49FD-85AC-D080EBB79C96}.Debug|x64.Build.0 = Debug|x64
		{12A709E9-81B0-49FD-85AC-D080EBB79C96}.Debug|x86.ActiveCfg = Debug|Win32
		{12A709E9-81B0-49FD-85AC-D080EBB79C96}.Debug|x86.Build.0 = Debug|Win32
		{12A709E9-81B0-49FD-85AC-D080EBB79C96}.Release|x64.ActiveCfg = Release|x64
		{12A709E9-81B0-49FD-85AC-D080EBB79C96}.Release|x64.Build.0 = Release|x64
		{12A709E9-81B0-49FD-85AC-D080EBB79C96}.Release|x86.ActiveCfg = Release|Win32
		{12A709E9-81B0-49FD-85AC-D080EBB79C96}.Release|x86.Build.0 = Release|Win32
		{4D35F4ED-E7EE-4787-9394-2936174A7B77}.Debug|x64.ActiveCfg = Debug|x64
		{4D35F4ED-E7EE-4787-9394-2936174A7B77}.Debug|x64.Build.0 = Debug|x64
		{4D35F4ED-E7EE-4787-9394-2936174A7B77}.Debug|x86.ActiveCfg = Debug|Win32
		{4D35F4ED-E7EE-4787-9394-2936174A7B77}.Debug|x86.Build.0 = Debug|Win32
		{4D35F4ED-E7EE-4787-9394-2936174A7B77}.Release|x64.ActiveCfg = Release|x64
		{4D35F4ED-E7EE-4787-9394-2936174A7B77}.Release|x64.Build.0 = Release|x64
		{4D35F4ED-E7EE-4787-9394-2936174A7B77}.Release|x86.ActiveCfg = Release|Win32
		{4D35F4ED-E7EE-4787-9394-2936174A7B77}.Release|x86.Build.0 = Release|Win32
		{4DB2D3FB-65CC-44EE-BEF7-39C5EFA9759B}.Debug|x64.ActiveCfg = Debug|x64
		{4DB2D3FB-65CC-44EE-BEF7-39C5EFA9759B}.Debug|x64.Build.0 = Debug|x64
		{4DB2D3FB-65CC-44EE-BEF7-39C5EFA9759B}.Debug|x86.ActiveCfg = Debug|Win32
		{4DB2D3FB-65CC-44EE-BEF7-39C5EFA9759B}.Debug|x86.Build.0 = Debug|Win32
		{4DB2D3FB-65CC-44EE-BEF7-39C5EFA9759B}.Release|x64.ActiveCfg = Release|x64
		{4DB2D3FB-65CC-44EE-BEF7-39C5EFA9759B}.Release|x64.Build.0 = Release|x64
		{4DB2D3FB-65CC-44EE-BEF7-39C5EFA9759B}.Release|x86.ActiveCfg = Release|Win32
		{4DB2D3FB-65CC-44EE-BEF7-39C5EFA9759B}.Release|x86.Build.0 = Release|Win32
		{4D97BE63-EE9B-453D-BE01-52690C3A37F0}.Debug|x64.ActiveCfg = Debug|x64
		{4D97BE63-EE9B-453D-BE01-52690C3A37F0}.Debug|x64.Build.0 = Debug|x64
		{4D97BE63-EE9B-453D-BE01-52690C3A37F0}.Debug|x86.ActiveCfg = Debug|Win32
		{4D97BE63-EE9B-453D-BE01-52690C3A37F0}.Debug|x86.Build.0 = Debug|Win32
		{4D97BE63-EE9B-453D-BE01-52690C3A37F0}.Release|x64.ActiveCfg = Release|x64
		{4D97BE63-EE9B-453D-BE01-52690C3A37F0}.Release|x64.Build.0 = Release|x64
		{4D97BE63-EE9B-453D-BE01-52690C3A37F0}.Release|x86.ActiveCfg = Release|Win32
		{4D97BE63-EE9B-453D-BE01-52690C3A37F0}.Release|x86.Build.0 = Release|Win32
		{112ABB4B-5687-4DB9-A454-8D5F4858D809}.Debug|x64.ActiveCfg = Debug|x64
		{112ABB4B-5687-4DB9-A454-8D5F4858D809}.Debug|x64.Build.0 = Debug|x64
		{112ABB4B-5687-4DB9-A454-8D5F4858D809}.Debug|x86.ActiveCfg = Debug|Win32
		{112ABB4B-5687-4DB9-A454-8D5F4858D809}.Debug|x86.Build.0 = Debug|Win32
		{112ABB4B-5687-4DB9-A454-8D5F4858D809}.Release|x64.ActiveCfg = Release|x64
		{112ABB4B-5687-4DB9-A454-8D5F4858D809}.Release|x64.Build.0 = Release|x64
		{112ABB4B-5687-4DB9-A454-8D5F4858D809}.Release|x86.ActiveCfg = Release|Win32
		{112ABB4B-5687-4DB9-A454-8D5F4858D809}.Release|x86.Build.0 = Release|Win32
		{55EE6937-4DBC-4170-A508-A63BDC319045}.Debug|x64.ActiveCfg = Debug|x64
		{55EE6937-4DBC-4170-A508-A63BDC319045}.Debug|x64.Build.0 = Debug|x64
		{55EE6937-4DBC-4170-A508-A63BDC319045}.Debug|x86.ActiveCfg = Debug|Win32
		{55EE6937-4DBC-4170-A508-A63BDC319045}.Debug|x86.Build.0 = Debug|Win32
		{55EE6937-4DBC-4170-A508-A63BDC319045}.Release|x64.ActiveCfg = Release|x64
		{55EE6937-4DBC-4170-A508-A63BDC319045}.Release|x64.Build.0 = Release|x64
		{55EE6937-4DBC-4170-A508-A63BDC319045}.Release|x86.ActiveCfg = Release|Win32
		{55EE6937-4DBC-4170-A508-A63BDC319045}.Release|x86.Build.0 = Release|Win32
		{1FE1856C-3E59-42FA-B18C-66701CD30D79}.Debug|x64.ActiveCfg = Debug|x64
		{1FE1856C-3E59-42FA-B18C-66701CD30D79}.Debug|x64.Build.0 = Debug|x64
		{1FE1856C-3E59-42FA-B18C-66701CD30D79}.Debug|x86.ActiveCfg = Debug|Win32
		{1FE1856C-3E59-42FA-B18C-66701CD30D79}.Debug|x86.Build.0 = Debug|Win32
		{1FE1856C-3E59-42FA-B18C-66701CD30D79}.Release|x64.ActiveCfg = Release|x64
		{1FE1856C-3E59-42FA-B18C-66701CD30D79}.Release|x64.Build.0 = Release|x64
		{1FE1856C-3E59-42FA-B18C-66701CD30D79}.Release|x86.ActiveCfg = Release|Win32
		{1FE1856C-3E59-42FA-B18C-66701CD30D79}.Release|x86.Build.0 = Release|Win32
	EndGlobalSection
	GlobalSection(SolutionProperties) = preSolution
		HideSolutionNode = FALSE
	EndGlobalSection
	GlobalSection(ExtensibilityGlobals) = postSolution
		SolutionGuid = {274B743C-C74E-43D8-83A4-74FA356638BD}
	EndGlobalSection
EndGlobal
